
Microsoft Visual Studio Solution File, Format Version 12.00
# Visual Studio 15
VisualStudioVersion = 15.0.27703.2026
MinimumVisualStudioVersion = 10.0.40219.1
Project("{D954291E-2A0B-460D-934E-DC6B0785DB48}") = "Testing", "Testing\Testing.shproj", "{CC4328EF-A643-4181-861F-3F1B781F3154}"
EndProject
Global
	GlobalSection(SharedMSBuildProjectFiles) = preSolution
		Testing\Testing.projitems*{cc4328ef-a643-4181-861f-3f1b781f3154}*SharedItemsImports = 13
	EndGlobalSection
	GlobalSection(SolutionProperties) = preSolution
		HideSolutionNode = FALSE
	EndGlobalSection
	GlobalSection(ExtensibilityGlobals) = postSolution
		SolutionGuid = {9E52FAEA-601F-4B8A-AA6F-C2BE746CE69B}
	EndGlobalSection
EndGlobal
